// !$*UTF8*$!
{
	archiveVersion = 1;
	classes = {
	};
	objectVersion = 50;
	objects = {

/* Begin PBXBuildFile section */
		D5024E4E24E943C100BA8F2F /* AppDelegate.swift in Sources */ = {isa = PBXBuildFile; fileRef = D5024E4D24E943C100BA8F2F /* AppDelegate.swift */; };
		D5024E5024E943C100BA8F2F /* SceneDelegate.swift in Sources */ = {isa = PBXBuildFile; fileRef = D5024E4F24E943C100BA8F2F /* SceneDelegate.swift */; };
		D5024E5224E943C100BA8F2F /* ContentView.swift in Sources */ = {isa = PBXBuildFile; fileRef = D5024E5124E943C100BA8F2F /* ContentView.swift */; };
		D5024E5424E943C200BA8F2F /* Assets.xcassets in Resources */ = {isa = PBXBuildFile; fileRef = D5024E5324E943C200BA8F2F /* Assets.xcassets */; };
		D5024E5724E943C200BA8F2F /* Preview Assets.xcassets in Resources */ = {isa = PBXBuildFile; fileRef = D5024E5624E943C200BA8F2F /* Preview Assets.xcassets */; };
		D5024E5A24E943C200BA8F2F /* LaunchScreen.storyboard in Resources */ = {isa = PBXBuildFile; fileRef = D5024E5824E943C200BA8F2F /* LaunchScreen.storyboard */; };
		D5024E6524E943C200BA8F2F /* hello_iOSTests.swift in Sources */ = {isa = PBXBuildFile; fileRef = D5024E6424E943C200BA8F2F /* hello_iOSTests.swift */; };
		D5024E7024E943C200BA8F2F /* hello_iOSUITests.swift in Sources */ = {isa = PBXBuildFile; fileRef = D5024E6F24E943C200BA8F2F /* hello_iOSUITests.swift */; };
/* End PBXBuildFile section */

/* Begin PBXContainerItemProxy section */
		D5024E6124E943C200BA8F2F /* PBXContainerItemProxy */ = {
			isa = PBXContainerItemProxy;
			containerPortal = D5024E4224E943C100BA8F2F /* Project object */;
			proxyType = 1;
			remoteGlobalIDString = D5024E4924E943C100BA8F2F;
			remoteInfo = "hello iOS";
		};
		D5024E6C24E943C200BA8F2F /* PBXContainerItemProxy */ = {
			isa = PBXContainerItemProxy;
			containerPortal = D5024E4224E943C100BA8F2F /* Project object */;
			proxyType = 1;
			remoteGlobalIDString = D5024E4924E943C100BA8F2F;
			remoteInfo = "hello iOS";
		};
/* End PBXContainerItemProxy section */

/* Begin PBXFileReference section */
		D5024E4A24E943C100BA8F2F /* hello iOS.app */ = {isa = PBXFileReference; explicitFileType = wrapper.application; includeInIndex = 0; path = "hello iOS.app"; sourceTree = BUILT_PRODUCTS_DIR; };
		D5024E4D24E943C100BA8F2F /* AppDelegate.swift */ = {isa = PBXFileReference; lastKnownFileType = sourcecode.swift; path = AppDelegate.swift; sourceTree = "<group>"; };
		D5024E4F24E943C100BA8F2F /* SceneDelegate.swift */ = {isa = PBXFileReference; lastKnownFileType = sourcecode.swift; path = SceneDelegate.swift; sourceTree = "<group>"; };
		D5024E5124E943C100BA8F2F /* ContentView.swift */ = {isa = PBXFileReference; lastKnownFileType = sourcecode.swift; path = ContentView.swift; sourceTree = "<group>"; };
		D5024E5324E943C200BA8F2F /* Assets.xcassets */ = {isa = PBXFileReference; lastKnownFileType = folder.assetcatalog; path = Assets.xcassets; sourceTree = "<group>"; };
		D5024E5624E943C200BA8F2F /* Preview Assets.xcassets */ = {isa = PBXFileReference; lastKnownFileType = folder.assetcatalog; path = "Preview Assets.xcassets"; sourceTree = "<group>"; };
		D5024E5924E943C200BA8F2F /* Base */ = {isa = PBXFileReference; lastKnownFileType = file.storyboard; name = Base; path = Base.lproj/LaunchScreen.storyboard; sourceTree = "<group>"; };
		D5024E5B24E943C200BA8F2F /* Info.plist */ = {isa = PBXFileReference; lastKnownFileType = text.plist.xml; path = Info.plist; sourceTree = "<group>"; };
		D5024E6024E943C200BA8F2F /* hello iOSTests.xctest */ = {isa = PBXFileReference; explicitFileType = wrapper.cfbundle; includeInIndex = 0; path = "hello iOSTests.xctest"; sourceTree = BUILT_PRODUCTS_DIR; };
		D5024E6424E943C200BA8F2F /* hello_iOSTests.swift */ = {isa = PBXFileReference; lastKnownFileType = sourcecode.swift; path = hello_iOSTests.swift; sourceTree = "<group>"; };
		D5024E6624E943C200BA8F2F /* Info.plist */ = {isa = PBXFileReference; lastKnownFileType = text.plist.xml; path = Info.plist; sourceTree = "<group>"; };
		D5024E6B24E943C200BA8F2F /* hello iOSUITests.xctest */ = {isa = PBXFileReference; explicitFileType = wrapper.cfbundle; includeInIndex = 0; path = "hello iOSUITests.xctest"; sourceTree = BUILT_PRODUCTS_DIR; };
		D5024E6F24E943C200BA8F2F /* hello_iOSUITests.swift */ = {isa = PBXFileReference; lastKnownFileType = sourcecode.swift; path = hello_iOSUITests.swift; sourceTree = "<group>"; };
		D5024E7124E943C200BA8F2F /* Info.plist */ = {isa = PBXFileReference; lastKnownFileType = text.plist.xml; path = Info.plist; sourceTree = "<group>"; };
/* End PBXFileReference section */

/* Begin PBXFrameworksBuildPhase section */
		D5024E4724E943C100BA8F2F /* Frameworks */ = {
			isa = PBXFrameworksBuildPhase;
			buildActionMask = 2147483647;
			files = (
			);
			runOnlyForDeploymentPostprocessing = 0;
		};
		D5024E5D24E943C200BA8F2F /* Frameworks */ = {
			isa = PBXFrameworksBuildPhase;
			buildActionMask = 2147483647;
			files = (
			);
			runOnlyForDeploymentPostprocessing = 0;
		};
		D5024E6824E943C200BA8F2F /* Frameworks */ = {
			isa = PBXFrameworksBuildPhase;
			buildActionMask = 2147483647;
			files = (
			);
			runOnlyForDeploymentPostprocessing = 0;
		};
/* End PBXFrameworksBuildPhase section */

/* Begin PBXGroup section */
		D5024E4124E943C100BA8F2F = {
			isa = PBXGroup;
			children = (
				D5024E4C24E943C100BA8F2F /* hello iOS */,
				D5024E6324E943C200BA8F2F /* hello iOSTests */,
				D5024E6E24E943C200BA8F2F /* hello iOSUITests */,
				D5024E4B24E943C100BA8F2F /* Products */,
			);
			sourceTree = "<group>";
		};
		D5024E4B24E943C100BA8F2F /* Products */ = {
			isa = PBXGroup;
			children = (
				D5024E4A24E943C100BA8F2F /* hello iOS.app */,
				D5024E6024E943C200BA8F2F /* hello iOSTests.xctest */,
				D5024E6B24E943C200BA8F2F /* hello iOSUITests.xctest */,
			);
			name = Products;
			sourceTree = "<group>";
		};
		D5024E4C24E943C100BA8F2F /* hello iOS */ = {
			isa = PBXGroup;
			children = (
				D5024E4D24E943C100BA8F2F /* AppDelegate.swift */,
				D5024E4F24E943C100BA8F2F /* SceneDelegate.swift */,
				D5024E5124E943C100BA8F2F /* ContentView.swift */,
				D5024E5324E943C200BA8F2F /* Assets.xcassets */,
				D5024E5824E943C200BA8F2F /* LaunchScreen.storyboard */,
				D5024E5B24E943C200BA8F2F /* Info.plist */,
				D5024E5524E943C200BA8F2F /* Preview Content */,
			);
			path = "hello iOS";
			sourceTree = "<group>";
		};
		D5024E5524E943C200BA8F2F /* Preview Content */ = {
			isa = PBXGroup;
			children = (
				D5024E5624E943C200BA8F2F /* Preview Assets.xcassets */,
			);
			path = "Preview Content";
			sourceTree = "<group>";
		};
		D5024E6324E943C200BA8F2F /* hello iOSTests */ = {
			isa = PBXGroup;
			children = (
				D5024E6424E943C200BA8F2F /* hello_iOSTests.swift */,
				D5024E6624E943C200BA8F2F /* Info.plist */,
			);
			path = "hello iOSTests";
			sourceTree = "<group>";
		};
		D5024E6E24E943C200BA8F2F /* hello iOSUITests */ = {
			isa = PBXGroup;
			children = (
				D5024E6F24E943C200BA8F2F /* hello_iOSUITests.swift */,
				D5024E7124E943C200BA8F2F /* Info.plist */,
			);
			path = "hello iOSUITests";
			sourceTree = "<group>";
		};
/* End PBXGroup section */

/* Begin PBXNativeTarget section */
		D5024E4924E943C100BA8F2F /* hello iOS */ = {
			isa = PBXNativeTarget;
			buildConfigurationList = D5024E7424E943C200BA8F2F /* Build configuration list for PBXNativeTarget "hello iOS" */;
			buildPhases = (
				D5024E4624E943C100BA8F2F /* Sources */,
				D5024E4724E943C100BA8F2F /* Frameworks */,
				D5024E4824E943C100BA8F2F /* Resources */,
			);
			buildRules = (
			);
			dependencies = (
			);
			name = "hello iOS";
			productName = "hello iOS";
			productReference = D5024E4A24E943C100BA8F2F /* hello iOS.app */;
			productType = "com.apple.product-type.application";
		};
		D5024E5F24E943C200BA8F2F /* hello iOSTests */ = {
			isa = PBXNativeTarget;
			buildConfigurationList = D5024E7724E943C200BA8F2F /* Build configuration list for PBXNativeTarget "hello iOSTests" */;
			buildPhases = (
				D5024E5C24E943C200BA8F2F /* Sources */,
				D5024E5D24E943C200BA8F2F /* Frameworks */,
				D5024E5E24E943C200BA8F2F /* Resources */,
			);
			buildRules = (
			);
			dependencies = (
				D5024E6224E943C200BA8F2F /* PBXTargetDependency */,
			);
			name = "hello iOSTests";
			productName = "hello iOSTests";
			productReference = D5024E6024E943C200BA8F2F /* hello iOSTests.xctest */;
			productType = "com.apple.product-type.bundle.unit-test";
		};
		D5024E6A24E943C200BA8F2F /* hello iOSUITests */ = {
			isa = PBXNativeTarget;
			buildConfigurationList = D5024E7A24E943C200BA8F2F /* Build configuration list for PBXNativeTarget "hello iOSUITests" */;
			buildPhases = (
				D5024E6724E943C200BA8F2F /* Sources */,
				D5024E6824E943C200BA8F2F /* Frameworks */,
				D5024E6924E943C200BA8F2F /* Resources */,
			);
			buildRules = (
			);
			dependencies = (
				D5024E6D24E943C200BA8F2F /* PBXTargetDependency */,
			);
			name = "hello iOSUITests";
			productName = "hello iOSUITests";
			productReference = D5024E6B24E943C200BA8F2F /* hello iOSUITests.xctest */;
			productType = "com.apple.product-type.bundle.ui-testing";
		};
/* End PBXNativeTarget section */

/* Begin PBXProject section */
		D5024E4224E943C100BA8F2F /* Project object */ = {
			isa = PBXProject;
			attributes = {
				LastSwiftUpdateCheck = 1160;
				LastUpgradeCheck = 1160;
				ORGANIZATIONNAME = new;
				TargetAttributes = {
					D5024E4924E943C100BA8F2F = {
						CreatedOnToolsVersion = 11.6;
					};
					D5024E5F24E943C200BA8F2F = {
						CreatedOnToolsVersion = 11.6;
						TestTargetID = D5024E4924E943C100BA8F2F;
					};
					D5024E6A24E943C200BA8F2F = {
						CreatedOnToolsVersion = 11.6;
						TestTargetID = D5024E4924E943C100BA8F2F;
					};
				};
			};
			buildConfigurationList = D5024E4524E943C100BA8F2F /* Build configuration list for PBXProject "hello iOS" */;
			compatibilityVersion = "Xcode 9.3";
			developmentRegion = en;
			hasScannedForEncodings = 0;
			knownRegions = (
				en,
				Base,
			);
			mainGroup = D5024E4124E943C100BA8F2F;
			productRefGroup = D5024E4B24E943C100BA8F2F /* Products */;
			projectDirPath = "";
			projectRoot = "";
			targets = (
				D5024E4924E943C100BA8F2F /* hello iOS */,
				D5024E5F24E943C200BA8F2F /* hello iOSTests */,
				D5024E6A24E943C200BA8F2F /* hello iOSUITests */,
			);
		};
/* End PBXProject section */

/* Begin PBXResourcesBuildPhase section */
		D5024E4824E943C100BA8F2F /* Resources */ = {
			isa = PBXResourcesBuildPhase;
			buildActionMask = 2147483647;
			files = (
				D5024E5A24E943C200BA8F2F /* LaunchScreen.storyboard in Resources */,
				D5024E5724E943C200BA8F2F /* Preview Assets.xcassets in Resources */,
				D5024E5424E943C200BA8F2F /* Assets.xcassets in Resources */,
			);
			runOnlyForDeploymentPostprocessing = 0;
		};
		D5024E5E24E943C200BA8F2F /* Resources */ = {
			isa = PBXResourcesBuildPhase;
			buildActionMask = 2147483647;
			files = (
			);
			runOnlyForDeploymentPostprocessing = 0;
		};
		D5024E6924E943C200BA8F2F /* Resources */ = {
			isa = PBXResourcesBuildPhase;
			buildActionMask = 2147483647;
			files = (
			);
			runOnlyForDeploymentPostprocessing = 0;
		};
/* End PBXResourcesBuildPhase section */

/* Begin PBXSourcesBuildPhase section */
		D5024E4624E943C100BA8F2F /* Sources */ = {
			isa = PBXSourcesBuildPhase;
			buildActionMask = 2147483647;
			files = (
				D5024E4E24E943C100BA8F2F /* AppDelegate.swift in Sources */,
				D5024E5024E943C100BA8F2F /* SceneDelegate.swift in Sources */,
				D5024E5224E943C100BA8F2F /* ContentView.swift in Sources */,
			);
			runOnlyForDeploymentPostprocessing = 0;
		};
		D5024E5C24E943C200BA8F2F /* Sources */ = {
			isa = PBXSourcesBuildPhase;
			buildActionMask = 2147483647;
			files = (
				D5024E6524E943C200BA8F2F /* hello_iOSTests.swift in Sources */,
			);
			runOnlyForDeploymentPostprocessing = 0;
		};
		D5024E6724E943C200BA8F2F /* Sources */ = {
			isa = PBXSourcesBuildPhase;
			buildActionMask = 2147483647;
			files = (
				D5024E7024E943C200BA8F2F /* hello_iOSUITests.swift in Sources */,
			);
			runOnlyForDeploymentPostprocessing = 0;
		};
/* End PBXSourcesBuildPhase section */

/* Begin PBXTargetDependency section */
		D5024E6224E943C200BA8F2F /* PBXTargetDependency */ = {
			isa = PBXTargetDependency;
			target = D5024E4924E943C100BA8F2F /* hello iOS */;
			targetProxy = D5024E6124E943C200BA8F2F /* PBXContainerItemProxy */;
		};
		D5024E6D24E943C200BA8F2F /* PBXTargetDependency */ = {
			isa = PBXTargetDependency;
			target = D5024E4924E943C100BA8F2F /* hello iOS */;
			targetProxy = D5024E6C24E943C200BA8F2F /* PBXContainerItemProxy */;
		};
/* End PBXTargetDependency section */

/* Begin PBXVariantGroup section */
		D5024E5824E943C200BA8F2F /* LaunchScreen.storyboard */ = {
			isa = PBXVariantGroup;
			children = (
				D5024E5924E943C200BA8F2F /* Base */,
			);
			name = LaunchScreen.storyboard;
			sourceTree = "<group>";
		};
/* End PBXVariantGroup section */

/* Begin XCBuildConfiguration section */
		D5024E7224E943C200BA8F2F /* Debug */ = {
			isa = XCBuildConfiguration;
			buildSettings = {
				ALWAYS_SEARCH_USER_PATHS = NO;
				CLANG_ANALYZER_NONNULL = YES;
				CLANG_ANALYZER_NUMBER_OBJECT_CONVERSION = YES_AGGRESSIVE;
				CLANG_CXX_LANGUAGE_STANDARD = "gnu++14";
				CLANG_CXX_LIBRARY = "libc++";
				CLANG_ENABLE_MODULES = YES;
				CLANG_ENABLE_OBJC_ARC = YES;
				CLANG_ENABLE_OBJC_WEAK = YES;
				CLANG_WARN_BLOCK_CAPTURE_AUTORELEASING = YES;
				CLANG_WARN_BOOL_CONVERSION = YES;
				CLANG_WARN_COMMA = YES;
				CLANG_WARN_CONSTANT_CONVERSION = YES;
				CLANG_WARN_DEPRECATED_OBJC_IMPLEMENTATIONS = YES;
				CLANG_WARN_DIRECT_OBJC_ISA_USAGE = YES_ERROR;
				CLANG_WARN_DOCUMENTATION_COMMENTS = YES;
				CLANG_WARN_EMPTY_BODY = YES;
				CLANG_WARN_ENUM_CONVERSION = YES;
				CLANG_WARN_INFINITE_RECURSION = YES;
				CLANG_WARN_INT_CONVERSION = YES;
				CLANG_WARN_NON_LITERAL_NULL_CONVERSION = YES;
				CLANG_WARN_OBJC_IMPLICIT_RETAIN_SELF = YES;
				CLANG_WARN_OBJC_LITERAL_CONVERSION = YES;
				CLANG_WARN_OBJC_ROOT_CLASS = YES_ERROR;
				CLANG_WARN_RANGE_LOOP_ANALYSIS = YES;
				CLANG_WARN_STRICT_PROTOTYPES = YES;
				CLANG_WARN_SUSPICIOUS_MOVE = YES;
				CLANG_WARN_UNGUARDED_AVAILABILITY = YES_AGGRESSIVE;
				CLANG_WARN_UNREACHABLE_CODE = YES;
				CLANG_WARN__DUPLICATE_METHOD_MATCH = YES;
				COPY_PHASE_STRIP = NO;
				DEBUG_INFORMATION_FORMAT = dwarf;
				ENABLE_STRICT_OBJC_MSGSEND = YES;
				ENABLE_TESTABILITY = YES;
				GCC_C_LANGUAGE_STANDARD = gnu11;
				GCC_DYNAMIC_NO_PIC = NO;
				GCC_NO_COMMON_BLOCKS = YES;
				GCC_OPTIMIZATION_LEVEL = 0;
				GCC_PREPROCESSOR_DEFINITIONS = (
					"DEBUG=1",
					"$(inherited)",
				);
				GCC_WARN_64_TO_32_BIT_CONVERSION = YES;
				GCC_WARN_ABOUT_RETURN_TYPE = YES_ERROR;
				GCC_WARN_UNDECLARED_SELECTOR = YES;
				GCC_WARN_UNINITIALIZED_AUTOS = YES_AGGRESSIVE;
				GCC_WARN_UNUSED_FUNCTION = YES;
				GCC_WARN_UNUSED_VARIABLE = YES;
				IPHONEOS_DEPLOYMENT_TARGET = 13.6;
				MTL_ENABLE_DEBUG_INFO = INCLUDE_SOURCE;
				MTL_FAST_MATH = YES;
				ONLY_ACTIVE_ARCH = YES;
				SDKROOT = iphoneos;
				SWIFT_ACTIVE_COMPILATION_CONDITIONS = DEBUG;
				SWIFT_OPTIMIZATION_LEVEL = "-Onone";
			};
			name = Debug;
		};
		D5024E7324E943C200BA8F2F /* Release */ = {
			isa = XCBuildConfiguration;
			buildSettings = {
				ALWAYS_SEARCH_USER_PATHS = NO;
				CLANG_ANALYZER_NONNULL = YES;
				CLANG_ANALYZER_NUMBER_OBJECT_CONVERSION = YES_AGGRESSIVE;
				CLANG_CXX_LANGUAGE_STANDARD = "gnu++14";
				CLANG_CXX_LIBRARY = "libc++";
				CLANG_ENABLE_MODULES = YES;
				CLANG_ENABLE_OBJC_ARC = YES;
				CLANG_ENABLE_OBJC_WEAK = YES;
				CLANG_WARN_BLOCK_CAPTURE_AUTORELEASING = YES;
				CLANG_WARN_BOOL_CONVERSION = YES;
				CLANG_WARN_COMMA = YES;
				CLANG_WARN_CONSTANT_CONVERSION = YES;
				CLANG_WARN_DEPRECATED_OBJC_IMPLEMENTATIONS = YES;
				CLANG_WARN_DIRECT_OBJC_ISA_USAGE = YES_ERROR;
				CLANG_WARN_DOCUMENTATION_COMMENTS = YES;
				CLANG_WARN_EMPTY_BODY = YES;
				CLANG_WARN_ENUM_CONVERSION = YES;
				CLANG_WARN_INFINITE_RECURSION = YES;
				CLANG_WARN_INT_CONVERSION = YES;
				CLANG_WARN_NON_LITERAL_NULL_CONVERSION = YES;
				CLANG_WARN_OBJC_IMPLICIT_RETAIN_SELF = YES;
				CLANG_WARN_OBJC_LITERAL_CONVERSION = YES;
				CLANG_WARN_OBJC_ROOT_CLASS = YES_ERROR;
				CLANG_WARN_RANGE_LOOP_ANALYSIS = YES;
				CLANG_WARN_STRICT_PROTOTYPES = YES;
				CLANG_WARN_SUSPICIOUS_MOVE = YES;
				CLANG_WARN_UNGUARDED_AVAILABILITY = YES_AGGRESSIVE;
				CLANG_WARN_UNREACHABLE_CODE = YES;
				CLANG_WARN__DUPLICATE_METHOD_MATCH = YES;
				COPY_PHASE_STRIP = NO;
				DEBUG_INFORMATION_FORMAT = "dwarf-with-dsym";
				ENABLE_NS_ASSERTIONS = NO;
				ENABLE_STRICT_OBJC_MSGSEND = YES;
				GCC_C_LANGUAGE_STANDARD = gnu11;
				GCC_NO_COMMON_BLOCKS = YES;
				GCC_WARN_64_TO_32_BIT_CONVERSION = YES;
				GCC_WARN_ABOUT_RETURN_TYPE = YES_ERROR;
				GCC_WARN_UNDECLARED_SELECTOR = YES;
				GCC_WARN_UNINITIALIZED_AUTOS = YES_AGGRESSIVE;
				GCC_WARN_UNUSED_FUNCTION = YES;
				GCC_WARN_UNUSED_VARIABLE = YES;
				IPHONEOS_DEPLOYMENT_TARGET = 13.6;
				MTL_ENABLE_DEBUG_INFO = NO;
				MTL_FAST_MATH = YES;
				SDKROOT = iphoneos;
				SWIFT_COMPILATION_MODE = wholemodule;
				SWIFT_OPTIMIZATION_LEVEL = "-O";
				VALIDATE_PRODUCT = YES;
			};
			name = Release;
		};
		D5024E7524E943C200BA8F2F /* Debug */ = {
			isa = XCBuildConfiguration;
			buildSettings = {
				ASSETCATALOG_COMPILER_APPICON_NAME = AppIcon;
				CODE_SIGN_STYLE = Automatic;
				DEVELOPMENT_ASSET_PATHS = "\"hello iOS/Preview Content\"";
				ENABLE_PREVIEWS = YES;
				INFOPLIST_FILE = "hello iOS/Info.plist";
				LD_RUNPATH_SEARCH_PATHS = (
					"$(inherited)",
					"@executable_path/Frameworks",
				);
				PRODUCT_BUNDLE_IDENTIFIER = "new.hello-iOS";
				PRODUCT_NAME = "$(TARGET_NAME)";
				SWIFT_VERSION = 5.0;
				TARGETED_DEVICE_FAMILY = "1,2";
			};
			name = Debug;
		};
		D5024E7624E943C200BA8F2F /* Release */ = {
			isa = XCBuildConfiguration;
			buildSettings = {
				ASSETCATALOG_COMPILER_APPICON_NAME = AppIcon;
				CODE_SIGN_STYLE = Automatic;
				DEVELOPMENT_ASSET_PATHS = "\"hello iOS/Preview Content\"";
				ENABLE_PREVIEWS = YES;
				INFOPLIST_FILE = "hello iOS/Info.plist";
				LD_RUNPATH_SEARCH_PATHS = (
					"$(inherited)",
					"@executable_path/Frameworks",
				);
				PRODUCT_BUNDLE_IDENTIFIER = "new.hello-iOS";
				PRODUCT_NAME = "$(TARGET_NAME)";
				SWIFT_VERSION = 5.0;
				TARGETED_DEVICE_FAMILY = "1,2";
			};
			name = Release;
		};
		D5024E7824E943C200BA8F2F /* Debug */ = {
			isa = XCBuildConfiguration;
			buildSettings = {
				ALWAYS_EMBED_SWIFT_STANDARD_LIBRARIES = YES;
				BUNDLE_LOADER = "$(TEST_HOST)";
				CODE_SIGN_STYLE = Automatic;
				INFOPLIST_FILE = "hello iOSTests/Info.plist";
				IPHONEOS_DEPLOYMENT_TARGET = 13.6;
				LD_RUNPATH_SEARCH_PATHS = (
					"$(inherited)",
					"@executable_path/Frameworks",
					"@loader_path/Frameworks",
				);
				PRODUCT_BUNDLE_IDENTIFIER = "new.hello-iOSTests";
				PRODUCT_NAME = "$(TARGET_NAME)";
				SWIFT_VERSION = 5.0;
				TARGETED_DEVICE_FAMILY = "1,2";
				TEST_HOST = "$(BUILT_PRODUCTS_DIR)/hello iOS.app/hello iOS";
			};
			name = Debug;
		};
		D5024E7924E943C200BA8F2F /* Release */ = {
			isa = XCBuildConfiguration;
			buildSettings = {
				ALWAYS_EMBED_SWIFT_STANDARD_LIBRARIES = YES;
				BUNDLE_LOADER = "$(TEST_HOST)";
				CODE_SIGN_STYLE = Automatic;
				INFOPLIST_FILE = "hello iOSTests/Info.plist";
				IPHONEOS_DEPLOYMENT_TARGET = 13.6;
				LD_RUNPATH_SEARCH_PATHS = (
					"$(inherited)",
					"@executable_path/Frameworks",
					"@loader_path/Frameworks",
				);
				PRODUCT_BUNDLE_IDENTIFIER = "new.hello-iOSTests";
				PRODUCT_NAME = "$(TARGET_NAME)";
				SWIFT_VERSION = 5.0;
				TARGETED_DEVICE_FAMILY = "1,2";
				TEST_HOST = "$(BUILT_PRODUCTS_DIR)/hello iOS.app/hello iOS";
			};
			name = Release;
		};
		D5024E7B24E943C200BA8F2F /* Debug */ = {
			isa = XCBuildConfiguration;
			buildSettings = {
				ALWAYS_EMBED_SWIFT_STANDARD_LIBRARIES = YES;
				CODE_SIGN_STYLE = Automatic;
				INFOPLIST_FILE = "hello iOSUITests/Info.plist";
				LD_RUNPATH_SEARCH_PATHS = (
					"$(inherited)",
					"@executable_path/Frameworks",
					"@loader_path/Frameworks",
				);
				PRODUCT_BUNDLE_IDENTIFIER = "new.hello-iOSUITests";
				PRODUCT_NAME = "$(TARGET_NAME)";
				SWIFT_VERSION = 5.0;
				TARGETED_DEVICE_FAMILY = "1,2";
				TEST_TARGET_NAME = "hello iOS";
			};
			name = Debug;
		};
		D5024E7C24E943C200BA8F2F /* Release */ = {
			isa = XCBuildConfiguration;
			buildSettings = {
				ALWAYS_EMBED_SWIFT_STANDARD_LIBRARIES = YES;
				CODE_SIGN_STYLE = Automatic;
				INFOPLIST_FILE = "hello iOSUITests/Info.plist";
				LD_RUNPATH_SEARCH_PATHS = (
					"$(inherited)",
					"@executable_path/Frameworks",
					"@loader_path/Frameworks",
				);
				PRODUCT_BUNDLE_IDENTIFIER = "new.hello-iOSUITests";
				PRODUCT_NAME = "$(TARGET_NAME)";
				SWIFT_VERSION = 5.0;
				TARGETED_DEVICE_FAMILY = "1,2";
				TEST_TARGET_NAME = "hello iOS";
			};
			name = Release;
		};
/* End XCBuildConfiguration section */

/* Begin XCConfigurationList section */
		D5024E4524E943C100BA8F2F /* Build configuration list for PBXProject "hello iOS" */ = {
			isa = XCConfigurationList;
			buildConfigurations = (
				D5024E7224E943C200BA8F2F /* Debug */,
				D5024E7324E943C200BA8F2F /* Release */,
			);
			defaultConfigurationIsVisible = 0;
			defaultConfigurationName = Release;
		};
		D5024E7424E943C200BA8F2F /* Build configuration list for PBXNativeTarget "hello iOS" */ = {
			isa = XCConfigurationList;
			buildConfigurations = (
				D5024E7524E943C200BA8F2F /* Debug */,
				D5024E7624E943C200BA8F2F /* Release */,
			);
			defaultConfigurationIsVisible = 0;
			defaultConfigurationName = Release;
		};
		D5024E7724E943C200BA8F2F /* Build configuration list for PBXNativeTarget "hello iOSTests" */ = {
			isa = XCConfigurationList;
			buildConfigurations = (
				D5024E7824E943C200BA8F2F /* Debug */,
				D5024E7924E943C200BA8F2F /* Release */,
			);
			defaultConfigurationIsVisible = 0;
			defaultConfigurationName = Release;
		};
		D5024E7A24E943C200BA8F2F /* Build configuration list for PBXNativeTarget "hello iOSUITests" */ = {
			isa = XCConfigurationList;
			buildConfigurations = (
				D5024E7B24E943C200BA8F2F /* Debug */,
				D5024E7C24E943C200BA8F2F /* Release */,
			);
			defaultConfigurationIsVisible = 0;
			defaultConfigurationName = Release;
		};
/* End XCConfigurationList section */
	};
	rootObject = D5024E4224E943C100BA8F2F /* Project object */;
}
